// !$*UTF8*$!
{
	archiveVersion = 1;
	classes = {
	};
	objectVersion = 56;
	objects = {

/* Begin PBXBuildFile section */
		208DC3F32B945D400096FEBC /* RandomUtility.swift in Sources */ = {isa = PBXBuildFile; fileRef = 208DC3F22B945D400096FEBC /* RandomUtility.swift */; };
		20AF00EB2B94795800D5776C /* Cell.swift in Sources */ = {isa = PBXBuildFile; fileRef = 20AF00EA2B94795800D5776C /* Cell.swift */; };
		20AF00ED2B947B4400D5776C /* Array+RandomIndex.swift in Sources */ = {isa = PBXBuildFile; fileRef = 20AF00EC2B947B4400D5776C /* Array+RandomIndex.swift */; };
		20AF00EF2B947B9A00D5776C /* VerticalListRowViewModel.swift in Sources */ = {isa = PBXBuildFile; fileRef = 20AF00EE2B947B9A00D5776C /* VerticalListRowViewModel.swift */; };
		20AF00F12B947DD100D5776C /* CPUWheel.swift in Sources */ = {isa = PBXBuildFile; fileRef = 20AF00F02B947DD100D5776C /* CPUWheel.swift */; };
		20BE0D202B931E5A00E7A6ED /* OMGApp.swift in Sources */ = {isa = PBXBuildFile; fileRef = 20BE0D1F2B931E5A00E7A6ED /* OMGApp.swift */; };
		20BE0D222B931E5A00E7A6ED /* ContentView.swift in Sources */ = {isa = PBXBuildFile; fileRef = 20BE0D212B931E5A00E7A6ED /* ContentView.swift */; };
		20BE0D242B931E5C00E7A6ED /* Assets.xcassets in Resources */ = {isa = PBXBuildFile; fileRef = 20BE0D232B931E5C00E7A6ED /* Assets.xcassets */; };
		20BE0D272B931E5C00E7A6ED /* Preview Assets.xcassets in Resources */ = {isa = PBXBuildFile; fileRef = 20BE0D262B931E5C00E7A6ED /* Preview Assets.xcassets */; };
		20BE0D2E2B93300400E7A6ED /* ContentViewModel.swift in Sources */ = {isa = PBXBuildFile; fileRef = 20BE0D2D2B93300400E7A6ED /* ContentViewModel.swift */; };
		20BE0D372B93397E00E7A6ED /* VerticalListRowView.swift in Sources */ = {isa = PBXBuildFile; fileRef = 20BE0D362B93397E00E7A6ED /* VerticalListRowView.swift */; };
		20BE0D3D2B93648100E7A6ED /* SpecialTapGestureView.swift in Sources */ = {isa = PBXBuildFile; fileRef = 20BE0D3C2B93648100E7A6ED /* SpecialTapGestureView.swift */; };
		20BE0D412B93656F00E7A6ED /* Row.swift in Sources */ = {isa = PBXBuildFile; fileRef = 20BE0D402B93656F00E7A6ED /* Row.swift */; };
		20BE0D432B93663C00E7A6ED /* Constants.swift in Sources */ = {isa = PBXBuildFile; fileRef = 20BE0D422B93663C00E7A6ED /* Constants.swift */; };
		20BE0D462B93681700E7A6ED /* CellView.swift in Sources */ = {isa = PBXBuildFile; fileRef = 20BE0D452B93681700E7A6ED /* CellView.swift */; };
		20BE0D492B93698B00E7A6ED /* ColorHelper.swift in Sources */ = {isa = PBXBuildFile; fileRef = 20BE0D482B93698B00E7A6ED /* ColorHelper.swift */; };
/* End PBXBuildFile section */

/* Begin PBXFileReference section */
		208DC3F22B945D400096FEBC /* RandomUtility.swift */ = {isa = PBXFileReference; lastKnownFileType = sourcecode.swift; path = RandomUtility.swift; sourceTree = "<group>"; };
		20AF00EA2B94795800D5776C /* Cell.swift */ = {isa = PBXFileReference; lastKnownFileType = sourcecode.swift; path = Cell.swift; sourceTree = "<group>"; };
		20AF00EC2B947B4400D5776C /* Array+RandomIndex.swift */ = {isa = PBXFileReference; lastKnownFileType = sourcecode.swift; path = "Array+RandomIndex.swift"; sourceTree = "<group>"; };
		20AF00EE2B947B9A00D5776C /* VerticalListRowViewModel.swift */ = {isa = PBXFileReference; lastKnownFileType = sourcecode.swift; path = VerticalListRowViewModel.swift; sourceTree = "<group>"; };
		20AF00F02B947DD100D5776C /* CPUWheel.swift */ = {isa = PBXFileReference; lastKnownFileType = sourcecode.swift; path = CPUWheel.swift; sourceTree = "<group>"; };
		20BE0D1C2B931E5A00E7A6ED /* omg.app */ = {isa = PBXFileReference; explicitFileType = wrapper.application; includeInIndex = 0; path = omg.app; sourceTree = BUILT_PRODUCTS_DIR; };
		20BE0D1F2B931E5A00E7A6ED /* OMGApp.swift */ = {isa = PBXFileReference; lastKnownFileType = sourcecode.swift; path = OMGApp.swift; sourceTree = "<group>"; };
		20BE0D212B931E5A00E7A6ED /* ContentView.swift */ = {isa = PBXFileReference; lastKnownFileType = sourcecode.swift; path = ContentView.swift; sourceTree = "<group>"; };
		20BE0D232B931E5C00E7A6ED /* Assets.xcassets */ = {isa = PBXFileReference; lastKnownFileType = folder.assetcatalog; path = Assets.xcassets; sourceTree = "<group>"; };
		20BE0D262B931E5C00E7A6ED /* Preview Assets.xcassets */ = {isa = PBXFileReference; lastKnownFileType = folder.assetcatalog; path = "Preview Assets.xcassets"; sourceTree = "<group>"; };
		20BE0D2D2B93300400E7A6ED /* ContentViewModel.swift */ = {isa = PBXFileReference; lastKnownFileType = sourcecode.swift; path = ContentViewModel.swift; sourceTree = "<group>"; };
		20BE0D362B93397E00E7A6ED /* VerticalListRowView.swift */ = {isa = PBXFileReference; lastKnownFileType = sourcecode.swift; path = VerticalListRowView.swift; sourceTree = "<group>"; };
		20BE0D3C2B93648100E7A6ED /* SpecialTapGestureView.swift */ = {isa = PBXFileReference; lastKnownFileType = sourcecode.swift; path = SpecialTapGestureView.swift; sourceTree = "<group>"; };
		20BE0D402B93656F00E7A6ED /* Row.swift */ = {isa = PBXFileReference; lastKnownFileType = sourcecode.swift; path = Row.swift; sourceTree = "<group>"; };
		20BE0D422B93663C00E7A6ED /* Constants.swift */ = {isa = PBXFileReference; lastKnownFileType = sourcecode.swift; path = Constants.swift; sourceTree = "<group>"; };
		20BE0D452B93681700E7A6ED /* CellView.swift */ = {isa = PBXFileReference; lastKnownFileType = sourcecode.swift; path = CellView.swift; sourceTree = "<group>"; };
		20BE0D482B93698B00E7A6ED /* ColorHelper.swift */ = {isa = PBXFileReference; lastKnownFileType = sourcecode.swift; path = ColorHelper.swift; sourceTree = "<group>"; };
/* End PBXFileReference section */

/* Begin PBXFrameworksBuildPhase section */
		20BE0D192B931E5A00E7A6ED /* Frameworks */ = {
			isa = PBXFrameworksBuildPhase;
			buildActionMask = 2147483647;
			files = (
			);
			runOnlyForDeploymentPostprocessing = 0;
		};
/* End PBXFrameworksBuildPhase section */

/* Begin PBXGroup section */
		208DC3F12B945D0E0096FEBC /* Foundation */ = {
			isa = PBXGroup;
			children = (
				208DC3F22B945D400096FEBC /* RandomUtility.swift */,
				20AF00EC2B947B4400D5776C /* Array+RandomIndex.swift */,
			);
			path = Foundation;
			sourceTree = "<group>";
		};
		20BE0D132B931E5A00E7A6ED = {
			isa = PBXGroup;
			children = (
				20BE0D1E2B931E5A00E7A6ED /* omg */,
				20BE0D1D2B931E5A00E7A6ED /* Products */,
			);
			sourceTree = "<group>";
		};
		20BE0D1D2B931E5A00E7A6ED /* Products */ = {
			isa = PBXGroup;
			children = (
				20BE0D1C2B931E5A00E7A6ED /* omg.app */,
			);
			name = Products;
			sourceTree = "<group>";
		};
		20BE0D1E2B931E5A00E7A6ED /* omg */ = {
			isa = PBXGroup;
			children = (
				20BE0D322B93386900E7A6ED /* Resources */,
				20BE0D312B93385900E7A6ED /* Library */,
				20BE0D302B93384900E7A6ED /* Configuration */,
				20BE0D2F2B93383200E7A6ED /* Application */,
				20BE0D252B931E5C00E7A6ED /* Preview Content */,
			);
			path = omg;
			sourceTree = "<group>";
		};
		20BE0D252B931E5C00E7A6ED /* Preview Content */ = {
			isa = PBXGroup;
			children = (
				20BE0D262B931E5C00E7A6ED /* Preview Assets.xcassets */,
			);
			path = "Preview Content";
			sourceTree = "<group>";
		};
		20BE0D2F2B93383200E7A6ED /* Application */ = {
			isa = PBXGroup;
			children = (
				20BE0D3F2B93655300E7A6ED /* BL */,
				20BE0D1F2B931E5A00E7A6ED /* OMGApp.swift */,
				20BE0D332B9338E900E7A6ED /* UI */,
			);
			path = Application;
			sourceTree = "<group>";
		};
		20BE0D302B93384900E7A6ED /* Configuration */ = {
			isa = PBXGroup;
			children = (
				20BE0D422B93663C00E7A6ED /* Constants.swift */,
			);
			path = Configuration;
			sourceTree = "<group>";
		};
		20BE0D312B93385900E7A6ED /* Library */ = {
			isa = PBXGroup;
			children = (
				208DC3F12B945D0E0096FEBC /* Foundation */,
				20BE0D3B2B93646F00E7A6ED /* SwiftUI */,
			);
			path = Library;
			sourceTree = "<group>";
		};
		20BE0D322B93386900E7A6ED /* Resources */ = {
			isa = PBXGroup;
			children = (
				20BE0D232B931E5C00E7A6ED /* Assets.xcassets */,
			);
			path = Resources;
			sourceTree = "<group>";
		};
		20BE0D332B9338E900E7A6ED /* UI */ = {
			isa = PBXGroup;
			children = (
				20BE0D472B93697D00E7A6ED /* Utils */,
				20BE0D442B93680A00E7A6ED /* Cell */,
				20BE0D352B93395A00E7A6ED /* VerticalListRow */,
				20BE0D342B93391500E7A6ED /* Content */,
			);
			path = UI;
			sourceTree = "<group>";
		};
		20BE0D342B93391500E7A6ED /* Content */ = {
			isa = PBXGroup;
			children = (
				20BE0D2D2B93300400E7A6ED /* ContentViewModel.swift */,
				20BE0D212B931E5A00E7A6ED /* ContentView.swift */,
			);
			path = Content;
			sourceTree = "<group>";
		};
		20BE0D352B93395A00E7A6ED /* VerticalListRow */ = {
			isa = PBXGroup;
			children = (
				20BE0D362B93397E00E7A6ED /* VerticalListRowView.swift */,
				20AF00EE2B947B9A00D5776C /* VerticalListRowViewModel.swift */,
			);
			path = VerticalListRow;
			sourceTree = "<group>";
		};
		20BE0D3B2B93646F00E7A6ED /* SwiftUI */ = {
			isa = PBXGroup;
			children = (
				20BE0D3C2B93648100E7A6ED /* SpecialTapGestureView.swift */,
			);
			path = SwiftUI;
			sourceTree = "<group>";
		};
		20BE0D3E2B93653500E7A6ED /* Entity */ = {
			isa = PBXGroup;
			children = (
				20BE0D402B93656F00E7A6ED /* Row.swift */,
				20AF00EA2B94795800D5776C /* Cell.swift */,
			);
			path = Entity;
			sourceTree = "<group>";
		};
		20BE0D3F2B93655300E7A6ED /* BL */ = {
			isa = PBXGroup;
			children = (
				20BE0D3E2B93653500E7A6ED /* Entity */,
			);
			path = BL;
			sourceTree = "<group>";
		};
		20BE0D442B93680A00E7A6ED /* Cell */ = {
			isa = PBXGroup;
			children = (
				20BE0D452B93681700E7A6ED /* CellView.swift */,
			);
			path = Cell;
			sourceTree = "<group>";
		};
		20BE0D472B93697D00E7A6ED /* Utils */ = {
			isa = PBXGroup;
			children = (
				20BE0D482B93698B00E7A6ED /* ColorHelper.swift */,
				20AF00F02B947DD100D5776C /* CPUWheel.swift */,
			);
			path = Utils;
			sourceTree = "<group>";
		};
/* End PBXGroup section */

/* Begin PBXNativeTarget section */
		20BE0D1B2B931E5A00E7A6ED /* omg */ = {
			isa = PBXNativeTarget;
			buildConfigurationList = 20BE0D2A2B931E5C00E7A6ED /* Build configuration list for PBXNativeTarget "omg" */;
			buildPhases = (
				20BE0D182B931E5A00E7A6ED /* Sources */,
				20BE0D192B931E5A00E7A6ED /* Frameworks */,
				20BE0D1A2B931E5A00E7A6ED /* Resources */,
				20BE0D3A2B933B6800E7A6ED /* SwiftLint */,
			);
			buildRules = (
			);
			dependencies = (
			);
			name = omg;
			productName = omg;
			productReference = 20BE0D1C2B931E5A00E7A6ED /* omg.app */;
			productType = "com.apple.product-type.application";
		};
/* End PBXNativeTarget section */

/* Begin PBXProject section */
		20BE0D142B931E5A00E7A6ED /* Project object */ = {
			isa = PBXProject;
			attributes = {
				BuildIndependentTargetsInParallel = 1;
				LastSwiftUpdateCheck = 1530;
				LastUpgradeCheck = 1530;
				TargetAttributes = {
					20BE0D1B2B931E5A00E7A6ED = {
						CreatedOnToolsVersion = 15.3;
					};
				};
			};
			buildConfigurationList = 20BE0D172B931E5A00E7A6ED /* Build configuration list for PBXProject "omg" */;
			compatibilityVersion = "Xcode 14.0";
			developmentRegion = en;
			hasScannedForEncodings = 0;
			knownRegions = (
				en,
				Base,
			);
			mainGroup = 20BE0D132B931E5A00E7A6ED;
			productRefGroup = 20BE0D1D2B931E5A00E7A6ED /* Products */;
			projectDirPath = "";
			projectRoot = "";
			targets = (
				20BE0D1B2B931E5A00E7A6ED /* omg */,
			);
		};
/* End PBXProject section */

/* Begin PBXResourcesBuildPhase section */
		20BE0D1A2B931E5A00E7A6ED /* Resources */ = {
			isa = PBXResourcesBuildPhase;
			buildActionMask = 2147483647;
			files = (
				20BE0D272B931E5C00E7A6ED /* Preview Assets.xcassets in Resources */,
				20BE0D242B931E5C00E7A6ED /* Assets.xcassets in Resources */,
			);
			runOnlyForDeploymentPostprocessing = 0;
		};
/* End PBXResourcesBuildPhase section */

/* Begin PBXShellScriptBuildPhase section */
		20BE0D3A2B933B6800E7A6ED /* SwiftLint */ = {
			isa = PBXShellScriptBuildPhase;
			buildActionMask = 2147483647;
			files = (
			);
			inputFileListPaths = (
			);
			inputPaths = (
			);
			name = SwiftLint;
			outputFileListPaths = (
			);
			outputPaths = (
			);
			runOnlyForDeploymentPostprocessing = 0;
			shellPath = /bin/sh;
			shellScript = "if [[ \"$(uname -m)\" == arm64 ]]; then\n    export PATH=\"/opt/homebrew/bin:$PATH\"\nfi\n\nif which swiftlint > /dev/null; then\n  swiftlint\nelse\n  echo \"warning: SwiftLint not installed, download from https://github.com/realm/SwiftLint\"\nfi\n";
		};
/* End PBXShellScriptBuildPhase section */

/* Begin PBXSourcesBuildPhase section */
		20BE0D182B931E5A00E7A6ED /* Sources */ = {
			isa = PBXSourcesBuildPhase;
			buildActionMask = 2147483647;
			files = (
				20BE0D222B931E5A00E7A6ED /* ContentView.swift in Sources */,
				20BE0D492B93698B00E7A6ED /* ColorHelper.swift in Sources */,
				20BE0D372B93397E00E7A6ED /* VerticalListRowView.swift in Sources */,
				208DC3F32B945D400096FEBC /* RandomUtility.swift in Sources */,
				20BE0D3D2B93648100E7A6ED /* SpecialTapGestureView.swift in Sources */,
				20AF00ED2B947B4400D5776C /* Array+RandomIndex.swift in Sources */,
				20BE0D202B931E5A00E7A6ED /* OMGApp.swift in Sources */,
				20BE0D412B93656F00E7A6ED /* Row.swift in Sources */,
				20AF00F12B947DD100D5776C /* CPUWheel.swift in Sources */,
				20BE0D2E2B93300400E7A6ED /* ContentViewModel.swift in Sources */,
				20AF00EB2B94795800D5776C /* Cell.swift in Sources */,
				20BE0D432B93663C00E7A6ED /* Constants.swift in Sources */,
				20BE0D462B93681700E7A6ED /* CellView.swift in Sources */,
				20AF00EF2B947B9A00D5776C /* VerticalListRowViewModel.swift in Sources */,
			);
			runOnlyForDeploymentPostprocessing = 0;
		};
/* End PBXSourcesBuildPhase section */

/* Begin XCBuildConfiguration section */
		20BE0D282B931E5C00E7A6ED /* Debug */ = {
			isa = XCBuildConfiguration;
			buildSettings = {
				ALWAYS_SEARCH_USER_PATHS = NO;
				ASSETCATALOG_COMPILER_GENERATE_SWIFT_ASSET_SYMBOL_EXTENSIONS = YES;
				CLANG_ANALYZER_NONNULL = YES;
				CLANG_ANALYZER_NUMBER_OBJECT_CONVERSION = YES_AGGRESSIVE;
				CLANG_CXX_LANGUAGE_STANDARD = "gnu++20";
				CLANG_ENABLE_MODULES = YES;
				CLANG_ENABLE_OBJC_ARC = YES;
				CLANG_ENABLE_OBJC_WEAK = YES;
				CLANG_WARN_BLOCK_CAPTURE_AUTORELEASING = YES;
				CLANG_WARN_BOOL_CONVERSION = YES;
				CLANG_WARN_COMMA = YES;
				CLANG_WARN_CONSTANT_CONVERSION = YES;
				CLANG_WARN_DEPRECATED_OBJC_IMPLEMENTATIONS = YES;
				CLANG_WARN_DIRECT_OBJC_ISA_USAGE = YES_ERROR;
				CLANG_WARN_DOCUMENTATION_COMMENTS = YES;
				CLANG_WARN_EMPTY_BODY = YES;
				CLANG_WARN_ENUM_CONVERSION = YES;
				CLANG_WARN_INFINITE_RECURSION = YES;
				CLANG_WARN_INT_CONVERSION = YES;
				CLANG_WARN_NON_LITERAL_NULL_CONVERSION = YES;
				CLANG_WARN_OBJC_IMPLICIT_RETAIN_SELF = YES;
				CLANG_WARN_OBJC_LITERAL_CONVERSION = YES;
				CLANG_WARN_OBJC_ROOT_CLASS = YES_ERROR;
				CLANG_WARN_QUOTED_INCLUDE_IN_FRAMEWORK_HEADER = YES;
				CLANG_WARN_RANGE_LOOP_ANALYSIS = YES;
				CLANG_WARN_STRICT_PROTOTYPES = YES;
				CLANG_WARN_SUSPICIOUS_MOVE = YES;
				CLANG_WARN_UNGUARDED_AVAILABILITY = YES_AGGRESSIVE;
				CLANG_WARN_UNREACHABLE_CODE = YES;
				CLANG_WARN__DUPLICATE_METHOD_MATCH = YES;
				COPY_PHASE_STRIP = NO;
				DEBUG_INFORMATION_FORMAT = dwarf;
				ENABLE_STRICT_OBJC_MSGSEND = YES;
				ENABLE_TESTABILITY = YES;
				ENABLE_USER_SCRIPT_SANDBOXING = YES;
				GCC_C_LANGUAGE_STANDARD = gnu17;
				GCC_DYNAMIC_NO_PIC = NO;
				GCC_NO_COMMON_BLOCKS = YES;
				GCC_OPTIMIZATION_LEVEL = 0;
				GCC_PREPROCESSOR_DEFINITIONS = (
					"DEBUG=1",
					"$(inherited)",
				);
				GCC_WARN_64_TO_32_BIT_CONVERSION = YES;
				GCC_WARN_ABOUT_RETURN_TYPE = YES_ERROR;
				GCC_WARN_UNDECLARED_SELECTOR = YES;
				GCC_WARN_UNINITIALIZED_AUTOS = YES_AGGRESSIVE;
				GCC_WARN_UNUSED_FUNCTION = YES;
				GCC_WARN_UNUSED_VARIABLE = YES;
				IPHONEOS_DEPLOYMENT_TARGET = 17.4;
				LOCALIZATION_PREFERS_STRING_CATALOGS = YES;
				MTL_ENABLE_DEBUG_INFO = INCLUDE_SOURCE;
				MTL_FAST_MATH = YES;
				ONLY_ACTIVE_ARCH = YES;
				SDKROOT = iphoneos;
				SWIFT_ACTIVE_COMPILATION_CONDITIONS = "DEBUG $(inherited)";
				SWIFT_OPTIMIZATION_LEVEL = "-Onone";
			};
			name = Debug;
		};
		20BE0D292B931E5C00E7A6ED /* Release */ = {
			isa = XCBuildConfiguration;
			buildSettings = {
				ALWAYS_SEARCH_USER_PATHS = NO;
				ASSETCATALOG_COMPILER_GENERATE_SWIFT_ASSET_SYMBOL_EXTENSIONS = YES;
				CLANG_ANALYZER_NONNULL = YES;
				CLANG_ANALYZER_NUMBER_OBJECT_CONVERSION = YES_AGGRESSIVE;
				CLANG_CXX_LANGUAGE_STANDARD = "gnu++20";
				CLANG_ENABLE_MODULES = YES;
				CLANG_ENABLE_OBJC_ARC = YES;
				CLANG_ENABLE_OBJC_WEAK = YES;
				CLANG_WARN_BLOCK_CAPTURE_AUTORELEASING = YES;
				CLANG_WARN_BOOL_CONVERSION = YES;
				CLANG_WARN_COMMA = YES;
				CLANG_WARN_CONSTANT_CONVERSION = YES;
				CLANG_WARN_DEPRECATED_OBJC_IMPLEMENTATIONS = YES;
				CLANG_WARN_DIRECT_OBJC_ISA_USAGE = YES_ERROR;
				CLANG_WARN_DOCUMENTATION_COMMENTS = YES;
				CLANG_WARN_EMPTY_BODY = YES;
				CLANG_WARN_ENUM_CONVERSION = YES;
				CLANG_WARN_INFINITE_RECURSION = YES;
				CLANG_WARN_INT_CONVERSION = YES;
				CLANG_WARN_NON_LITERAL_NULL_CONVERSION = YES;
				CLANG_WARN_OBJC_IMPLICIT_RETAIN_SELF = YES;
				CLANG_WARN_OBJC_LITERAL_CONVERSION = YES;
				CLANG_WARN_OBJC_ROOT_CLASS = YES_ERROR;
				CLANG_WARN_QUOTED_INCLUDE_IN_FRAMEWORK_HEADER = YES;
				CLANG_WARN_RANGE_LOOP_ANALYSIS = YES;
				CLANG_WARN_STRICT_PROTOTYPES = YES;
				CLANG_WARN_SUSPICIOUS_MOVE = YES;
				CLANG_WARN_UNGUARDED_AVAILABILITY = YES_AGGRESSIVE;
				CLANG_WARN_UNREACHABLE_CODE = YES;
				CLANG_WARN__DUPLICATE_METHOD_MATCH = YES;
				COPY_PHASE_STRIP = NO;
				DEBUG_INFORMATION_FORMAT = "dwarf-with-dsym";
				ENABLE_NS_ASSERTIONS = NO;
				ENABLE_STRICT_OBJC_MSGSEND = YES;
				ENABLE_USER_SCRIPT_SANDBOXING = YES;
				GCC_C_LANGUAGE_STANDARD = gnu17;
				GCC_NO_COMMON_BLOCKS = YES;
				GCC_WARN_64_TO_32_BIT_CONVERSION = YES;
				GCC_WARN_ABOUT_RETURN_TYPE = YES_ERROR;
				GCC_WARN_UNDECLARED_SELECTOR = YES;
				GCC_WARN_UNINITIALIZED_AUTOS = YES_AGGRESSIVE;
				GCC_WARN_UNUSED_FUNCTION = YES;
				GCC_WARN_UNUSED_VARIABLE = YES;
				IPHONEOS_DEPLOYMENT_TARGET = 17.4;
				LOCALIZATION_PREFERS_STRING_CATALOGS = YES;
				MTL_ENABLE_DEBUG_INFO = NO;
				MTL_FAST_MATH = YES;
				SDKROOT = iphoneos;
				SWIFT_COMPILATION_MODE = wholemodule;
				VALIDATE_PRODUCT = YES;
			};
			name = Release;
		};
		20BE0D2B2B931E5C00E7A6ED /* Debug */ = {
			isa = XCBuildConfiguration;
			buildSettings = {
				ASSETCATALOG_COMPILER_APPICON_NAME = AppIcon;
				ASSETCATALOG_COMPILER_GLOBAL_ACCENT_COLOR_NAME = AccentColor;
				CODE_SIGN_STYLE = Automatic;
				CURRENT_PROJECT_VERSION = 1;
				DEVELOPMENT_ASSET_PATHS = "\"omg/Preview Content\"";
				ENABLE_PREVIEWS = YES;
				ENABLE_USER_SCRIPT_SANDBOXING = NO;
				GENERATE_INFOPLIST_FILE = YES;
				INFOPLIST_KEY_UIApplicationSceneManifest_Generation = YES;
				INFOPLIST_KEY_UIApplicationSupportsIndirectInputEvents = YES;
				INFOPLIST_KEY_UILaunchScreen_Generation = YES;
				INFOPLIST_KEY_UISupportedInterfaceOrientations = UIInterfaceOrientationPortrait;
				LD_RUNPATH_SEARCH_PATHS = (
					"$(inherited)",
					"@executable_path/Frameworks",
				);
				MARKETING_VERSION = 1.0;
				PRODUCT_BUNDLE_IDENTIFIER = omg.omg;
				PRODUCT_NAME = "$(TARGET_NAME)";
				SUPPORTED_PLATFORMS = "iphoneos iphonesimulator";
				SUPPORTS_MACCATALYST = NO;
				SUPPORTS_MAC_DESIGNED_FOR_IPHONE_IPAD = NO;
				SUPPORTS_XR_DESIGNED_FOR_IPHONE_IPAD = NO;
				SWIFT_EMIT_LOC_STRINGS = YES;
				SWIFT_VERSION = 5.0;
				TARGETED_DEVICE_FAMILY = 1;
			};
			name = Debug;
		};
		20BE0D2C2B931E5C00E7A6ED /* Release */ = {
			isa = XCBuildConfiguration;
			buildSettings = {
				ASSETCATALOG_COMPILER_APPICON_NAME = AppIcon;
				ASSETCATALOG_COMPILER_GLOBAL_ACCENT_COLOR_NAME = AccentColor;
				CODE_SIGN_STYLE = Automatic;
				CURRENT_PROJECT_VERSION = 1;
				DEVELOPMENT_ASSET_PATHS = "\"omg/Preview Content\"";
				ENABLE_PREVIEWS = YES;
				ENABLE_USER_SCRIPT_SANDBOXING = NO;
				GENERATE_INFOPLIST_FILE = YES;
				INFOPLIST_KEY_UIApplicationSceneManifest_Generation = YES;
				INFOPLIST_KEY_UIApplicationSupportsIndirectInputEvents = YES;
				INFOPLIST_KEY_UILaunchScreen_Generation = YES;
				INFOPLIST_KEY_UISupportedInterfaceOrientations = UIInterfaceOrientationPortrait;
				LD_RUNPATH_SEARCH_PATHS = (
					"$(inherited)",
					"@executable_path/Frameworks",
				);
				MARKETING_VERSION = 1.0;
				PRODUCT_BUNDLE_IDENTIFIER = omg.omg;
				PRODUCT_NAME = "$(TARGET_NAME)";
				SUPPORTED_PLATFORMS = "iphoneos iphonesimulator";
				SUPPORTS_MACCATALYST = NO;
				SUPPORTS_MAC_DESIGNED_FOR_IPHONE_IPAD = NO;
				SUPPORTS_XR_DESIGNED_FOR_IPHONE_IPAD = NO;
				SWIFT_EMIT_LOC_STRINGS = YES;
				SWIFT_VERSION = 5.0;
				TARGETED_DEVICE_FAMILY = 1;
			};
			name = Release;
		};
/* End XCBuildConfiguration section */

/* Begin XCConfigurationList section */
		20BE0D172B931E5A00E7A6ED /* Build configuration list for PBXProject "omg" */ = {
			isa = XCConfigurationList;
			buildConfigurations = (
				20BE0D282B931E5C00E7A6ED /* Debug */,
				20BE0D292B931E5C00E7A6ED /* Release */,
			);
			defaultConfigurationIsVisible = 0;
			defaultConfigurationName = Release;
		};
		20BE0D2A2B931E5C00E7A6ED /* Build configuration list for PBXNativeTarget "omg" */ = {
			isa = XCConfigurationList;
			buildConfigurations = (
				20BE0D2B2B931E5C00E7A6ED /* Debug */,
				20BE0D2C2B931E5C00E7A6ED /* Release */,
			);
			defaultConfigurationIsVisible = 0;
			defaultConfigurationName = Release;
		};
/* End XCConfigurationList section */
	};
	rootObject = 20BE0D142B931E5A00E7A6ED /* Project object */;
}
